// !$*UTF8*$!
{
archiveVersion = 1;
classes = {
};
objectVersion = 56;
objects = {

/* Begin PBXBuildFile section */
00A001000000000000000101 /* MotelPOSApp.swift in Sources */ = {isa = PBXBuildFile; fileRef = 00A001000000000000000001 /* MotelPOSApp.swift */; };
00A001000000000000000102 /* ContentView.swift in Sources */ = {isa = PBXBuildFile; fileRef = 00A001000000000000000002 /* ContentView.swift */; };
00A001000000000000000103 /* AppFeature.swift in Sources */ = {isa = PBXBuildFile; fileRef = 00A001000000000000000003 /* AppFeature.swift */; };
00A001000000000000000104 /* SidebarFeature.swift in Sources */ = {isa = PBXBuildFile; fileRef = 00A001000000000000000004 /* SidebarFeature.swift */; };
00A001000000000000000105 /* DashboardFeature.swift in Sources */ = {isa = PBXBuildFile; fileRef = 00A001000000000000000005 /* DashboardFeature.swift */; };
00A001000000000000000106 /* DashboardView.swift in Sources */ = {isa = PBXBuildFile; fileRef = 00A001000000000000000006 /* DashboardView.swift */; };
00A001000000000000000107 /* RoomsFeature.swift in Sources */ = {isa = PBXBuildFile; fileRef = 00A001000000000000000007 /* RoomsFeature.swift */; };
00A001000000000000000108 /* RoomsView.swift in Sources */ = {isa = PBXBuildFile; fileRef = 00A001000000000000000008 /* RoomsView.swift */; };
00A001000000000000000109 /* ReportsFeature.swift in Sources */ = {isa = PBXBuildFile; fileRef = 00A001000000000000000009 /* ReportsFeature.swift */; };
00A00100000000000000010A /* ReportsView.swift in Sources */ = {isa = PBXBuildFile; fileRef = 00A00100000000000000000A /* ReportsView.swift */; };
00A00100000000000000010B /* SettingsFeature.swift in Sources */ = {isa = PBXBuildFile; fileRef = 00A00100000000000000000B /* SettingsFeature.swift */; };
00A00100000000000000010C /* SettingsView.swift in Sources */ = {isa = PBXBuildFile; fileRef = 00A00100000000000000000C /* SettingsView.swift */; };
00A00100000000000000010D /* ReservationFeature.swift in Sources */ = {isa = PBXBuildFile; fileRef = 00A00100000000000000000D /* ReservationFeature.swift */; };
00A00100000000000000010E /* ReservationView.swift in Sources */ = {isa = PBXBuildFile; fileRef = 00A00100000000000000000E /* ReservationView.swift */; };
00A00100000000000000010F /* CheckInFeature.swift in Sources */ = {isa = PBXBuildFile; fileRef = 00A00100000000000000000F /* CheckInFeature.swift */; };
00A001000000000000000110 /* CheckInView.swift in Sources */ = {isa = PBXBuildFile; fileRef = 00A001000000000000000010 /* CheckInView.swift */; };
00A001000000000000000111 /* PaymentFeature.swift in Sources */ = {isa = PBXBuildFile; fileRef = 00A001000000000000000011 /* PaymentFeature.swift */; };
00A001000000000000000112 /* PaymentView.swift in Sources */ = {isa = PBXBuildFile; fileRef = 00A001000000000000000012 /* PaymentView.swift */; };
00A001000000000000000113 /* HousekeepingFeature.swift in Sources */ = {isa = PBXBuildFile; fileRef = 00A001000000000000000013 /* HousekeepingFeature.swift */; };
00A001000000000000000114 /* HousekeepingView.swift in Sources */ = {isa = PBXBuildFile; fileRef = 00A001000000000000000014 /* HousekeepingView.swift */; };
00A001000000000000000115 /* SearchFeature.swift in Sources */ = {isa = PBXBuildFile; fileRef = 00A001000000000000000015 /* SearchFeature.swift */; };
00A001000000000000000116 /* SearchView.swift in Sources */ = {isa = PBXBuildFile; fileRef = 00A001000000000000000016 /* SearchView.swift */; };
00A001000000000000000117 /* OfflineFeature.swift in Sources */ = {isa = PBXBuildFile; fileRef = 00A001000000000000000017 /* OfflineFeature.swift */; };
00A001000000000000000118 /* OfflineStatusView.swift in Sources */ = {isa = PBXBuildFile; fileRef = 00A001000000000000000018 /* OfflineStatusView.swift */; };
00A001000000000000000119 /* AIAssistantFeature.swift in Sources */ = {isa = PBXBuildFile; fileRef = 00A001000000000000000019 /* AIAssistantFeature.swift */; };
00A00100000000000000011A /* AIAssistantView.swift in Sources */ = {isa = PBXBuildFile; fileRef = 00A00100000000000000001A /* AIAssistantView.swift */; };
00A00100000000000000011B /* Entities.swift in Sources */ = {isa = PBXBuildFile; fileRef = 00A00100000000000000001B /* Entities.swift */; };
00A00100000000000000011C /* PaymentService.swift in Sources */ = {isa = PBXBuildFile; fileRef = 00A00100000000000000001C /* PaymentService.swift */; };
00A00100000000000000011D /* OCRService.swift in Sources */ = {isa = PBXBuildFile; fileRef = 00A00100000000000000001D /* OCRService.swift */; };
00A00100000000000000011E /* AIService.swift in Sources */ = {isa = PBXBuildFile; fileRef = 00A00100000000000000001E /* AIService.swift */; };
00A00100000000000000011F /* SyncService.swift in Sources */ = {isa = PBXBuildFile; fileRef = 00A00100000000000000001F /* SyncService.swift */; };
00A001000000000000000120 /* DocumentGenerationService.swift in Sources */ = {isa = PBXBuildFile; fileRef = 00A001000000000000000020 /* DocumentGenerationService.swift */; };
00A001000000000000000121 /* NotificationSchedulerService.swift in Sources */ = {isa = PBXBuildFile; fileRef = 00A001000000000000000021 /* NotificationSchedulerService.swift */; };
00A001000000000000000122 /* PersistenceController.swift in Sources */ = {isa = PBXBuildFile; fileRef = 00A001000000000000000022 /* PersistenceController.swift */; };
00A001000000000000000123 /* SeedData.swift in Sources */ = {isa = PBXBuildFile; fileRef = 00A001000000000000000023 /* SeedData.swift */; };
00A001000000000000000124 /* PropertyEntity+CoreDataClass.swift in Sources */ = {isa = PBXBuildFile; fileRef = 00A001000000000000000024 /* PropertyEntity+CoreDataClass.swift */; };
00A001000000000000000125 /* PropertyEntity+CoreDataProperties.swift in Sources */ = {isa = PBXBuildFile; fileRef = 00A001000000000000000025 /* PropertyEntity+CoreDataProperties.swift */; };
00A001000000000000000126 /* RoomEntity+CoreDataClass.swift in Sources */ = {isa = PBXBuildFile; fileRef = 00A001000000000000000026 /* RoomEntity+CoreDataClass.swift */; };
00A001000000000000000127 /* RoomEntity+CoreDataProperties.swift in Sources */ = {isa = PBXBuildFile; fileRef = 00A001000000000000000027 /* RoomEntity+CoreDataProperties.swift */; };
00A001000000000000000128 /* Dependencies.swift in Sources */ = {isa = PBXBuildFile; fileRef = 00A001000000000000000028 /* Dependencies.swift */; };
00A001000000000000000129 /* seed.json in Resources */ = {isa = PBXBuildFile; fileRef = 00A00100000000000000002A /* seed.json */; };
00A00100000000000000012A /* MotelPOS.xcdatamodeld in Sources */ = {isa = PBXBuildFile; fileRef = 00A001000000000000000029 /* MotelPOS.xcdatamodeld */; };
00A00100000000000000012B /* PricingTests.swift in Sources */ = {isa = PBXBuildFile; fileRef = 00A00100000000000000002C /* PricingTests.swift */; };
00A00100000000000000012C /* PermissionsTests.swift in Sources */ = {isa = PBXBuildFile; fileRef = 00A00100000000000000002D /* PermissionsTests.swift */; };
00A00100000000000000012D /* OfflineQueueTests.swift in Sources */ = {isa = PBXBuildFile; fileRef = 00A00100000000000000002E /* OfflineQueueTests.swift */; };
00A00100000000000000012E /* AIInsightsTests.swift in Sources */ = {isa = PBXBuildFile; fileRef = 00A00100000000000000002F /* AIInsightsTests.swift */; };
00A00100000000000000012F /* ReportExportTests.swift in Sources */ = {isa = PBXBuildFile; fileRef = 00A001000000000000000030 /* ReportExportTests.swift */; };
00A001000000000000000130 /* MotelPOSUITests.swift in Sources */ = {isa = PBXBuildFile; fileRef = 00A001000000000000000031 /* MotelPOSUITests.swift */; };
00A001000000000000000131 /* ComposableArchitecture in Frameworks */ = {isa = PBXBuildFile; productRef = 00A0010000000000000000F0 /* ComposableArchitecture */; };
/* End PBXBuildFile section */

/* Begin PBXFileReference section */
00A001000000000000000001 /* MotelPOSApp.swift */ = {isa = PBXFileReference; lastKnownFileType = sourcecode.swift; path = MotelPOSApp.swift; sourceTree = "<group>"; };
00A001000000000000000002 /* ContentView.swift */ = {isa = PBXFileReference; lastKnownFileType = sourcecode.swift; path = ContentView.swift; sourceTree = "<group>"; };
00A001000000000000000003 /* AppFeature.swift */ = {isa = PBXFileReference; lastKnownFileType = sourcecode.swift; path = AppFeature.swift; sourceTree = "<group>"; };
00A001000000000000000004 /* SidebarFeature.swift */ = {isa = PBXFileReference; lastKnownFileType = sourcecode.swift; path = SidebarFeature.swift; sourceTree = "<group>"; };
00A001000000000000000005 /* DashboardFeature.swift */ = {isa = PBXFileReference; lastKnownFileType = sourcecode.swift; path = DashboardFeature.swift; sourceTree = "<group>"; };
00A001000000000000000006 /* DashboardView.swift */ = {isa = PBXFileReference; lastKnownFileType = sourcecode.swift; path = DashboardView.swift; sourceTree = "<group>"; };
00A001000000000000000007 /* RoomsFeature.swift */ = {isa = PBXFileReference; lastKnownFileType = sourcecode.swift; path = RoomsFeature.swift; sourceTree = "<group>"; };
00A001000000000000000008 /* RoomsView.swift */ = {isa = PBXFileReference; lastKnownFileType = sourcecode.swift; path = RoomsView.swift; sourceTree = "<group>"; };
00A001000000000000000009 /* ReportsFeature.swift */ = {isa = PBXFileReference; lastKnownFileType = sourcecode.swift; path = ReportsFeature.swift; sourceTree = "<group>"; };
00A00100000000000000000A /* ReportsView.swift */ = {isa = PBXFileReference; lastKnownFileType = sourcecode.swift; path = ReportsView.swift; sourceTree = "<group>"; };
00A00100000000000000000B /* SettingsFeature.swift */ = {isa = PBXFileReference; lastKnownFileType = sourcecode.swift; path = SettingsFeature.swift; sourceTree = "<group>"; };
00A00100000000000000000C /* SettingsView.swift */ = {isa = PBXFileReference; lastKnownFileType = sourcecode.swift; path = SettingsView.swift; sourceTree = "<group>"; };
00A00100000000000000000D /* ReservationFeature.swift */ = {isa = PBXFileReference; lastKnownFileType = sourcecode.swift; path = ReservationFeature.swift; sourceTree = "<group>"; };
00A00100000000000000000E /* ReservationView.swift */ = {isa = PBXFileReference; lastKnownFileType = sourcecode.swift; path = ReservationView.swift; sourceTree = "<group>"; };
00A00100000000000000000F /* CheckInFeature.swift */ = {isa = PBXFileReference; lastKnownFileType = sourcecode.swift; path = CheckInFeature.swift; sourceTree = "<group>"; };
00A001000000000000000010 /* CheckInView.swift */ = {isa = PBXFileReference; lastKnownFileType = sourcecode.swift; path = CheckInView.swift; sourceTree = "<group>"; };
00A001000000000000000011 /* PaymentFeature.swift */ = {isa = PBXFileReference; lastKnownFileType = sourcecode.swift; path = PaymentFeature.swift; sourceTree = "<group>"; };
00A001000000000000000012 /* PaymentView.swift */ = {isa = PBXFileReference; lastKnownFileType = sourcecode.swift; path = PaymentView.swift; sourceTree = "<group>"; };
00A001000000000000000013 /* HousekeepingFeature.swift */ = {isa = PBXFileReference; lastKnownFileType = sourcecode.swift; path = HousekeepingFeature.swift; sourceTree = "<group>"; };
00A001000000000000000014 /* HousekeepingView.swift */ = {isa = PBXFileReference; lastKnownFileType = sourcecode.swift; path = HousekeepingView.swift; sourceTree = "<group>"; };
00A001000000000000000015 /* SearchFeature.swift */ = {isa = PBXFileReference; lastKnownFileType = sourcecode.swift; path = SearchFeature.swift; sourceTree = "<group>"; };
00A001000000000000000016 /* SearchView.swift */ = {isa = PBXFileReference; lastKnownFileType = sourcecode.swift; path = SearchView.swift; sourceTree = "<group>"; };
00A001000000000000000017 /* OfflineFeature.swift */ = {isa = PBXFileReference; lastKnownFileType = sourcecode.swift; path = OfflineFeature.swift; sourceTree = "<group>"; };
00A001000000000000000018 /* OfflineStatusView.swift */ = {isa = PBXFileReference; lastKnownFileType = sourcecode.swift; path = OfflineStatusView.swift; sourceTree = "<group>"; };
00A001000000000000000019 /* AIAssistantFeature.swift */ = {isa = PBXFileReference; lastKnownFileType = sourcecode.swift; path = AIAssistantFeature.swift; sourceTree = "<group>"; };
00A00100000000000000001A /* AIAssistantView.swift */ = {isa = PBXFileReference; lastKnownFileType = sourcecode.swift; path = AIAssistantView.swift; sourceTree = "<group>"; };
00A00100000000000000001B /* Entities.swift */ = {isa = PBXFileReference; lastKnownFileType = sourcecode.swift; path = Entities.swift; sourceTree = "<group>"; };
00A00100000000000000001C /* PaymentService.swift */ = {isa = PBXFileReference; lastKnownFileType = sourcecode.swift; path = PaymentService.swift; sourceTree = "<group>"; };
00A00100000000000000001D /* OCRService.swift */ = {isa = PBXFileReference; lastKnownFileType = sourcecode.swift; path = OCRService.swift; sourceTree = "<group>"; };
00A00100000000000000001E /* AIService.swift */ = {isa = PBXFileReference; lastKnownFileType = sourcecode.swift; path = AIService.swift; sourceTree = "<group>"; };
00A00100000000000000001F /* SyncService.swift */ = {isa = PBXFileReference; lastKnownFileType = sourcecode.swift; path = SyncService.swift; sourceTree = "<group>"; };
00A001000000000000000020 /* DocumentGenerationService.swift */ = {isa = PBXFileReference; lastKnownFileType = sourcecode.swift; path = DocumentGenerationService.swift; sourceTree = "<group>"; };
00A001000000000000000021 /* NotificationSchedulerService.swift */ = {isa = PBXFileReference; lastKnownFileType = sourcecode.swift; path = NotificationSchedulerService.swift; sourceTree = "<group>"; };
00A001000000000000000022 /* PersistenceController.swift */ = {isa = PBXFileReference; lastKnownFileType = sourcecode.swift; path = PersistenceController.swift; sourceTree = "<group>"; };
00A001000000000000000023 /* SeedData.swift */ = {isa = PBXFileReference; lastKnownFileType = sourcecode.swift; path = SeedData.swift; sourceTree = "<group>"; };
00A001000000000000000024 /* PropertyEntity+CoreDataClass.swift */ = {isa = PBXFileReference; lastKnownFileType = sourcecode.swift; path = "PropertyEntity+CoreDataClass.swift"; sourceTree = "<group>"; };
00A001000000000000000025 /* PropertyEntity+CoreDataProperties.swift */ = {isa = PBXFileReference; lastKnownFileType = sourcecode.swift; path = "PropertyEntity+CoreDataProperties.swift"; sourceTree = "<group>"; };
00A001000000000000000026 /* RoomEntity+CoreDataClass.swift */ = {isa = PBXFileReference; lastKnownFileType = sourcecode.swift; path = "RoomEntity+CoreDataClass.swift"; sourceTree = "<group>"; };
00A001000000000000000027 /* RoomEntity+CoreDataProperties.swift */ = {isa = PBXFileReference; lastKnownFileType = sourcecode.swift; path = "RoomEntity+CoreDataProperties.swift"; sourceTree = "<group>"; };
00A001000000000000000028 /* Dependencies.swift */ = {isa = PBXFileReference; lastKnownFileType = sourcecode.swift; path = Dependencies.swift; sourceTree = "<group>"; };
00A001000000000000000029 /* MotelPOS.xcdatamodeld */ = {isa = XCVersionGroup; children = (00A001000000000000000032 /* Model.xcdatamodel */, ); currentVersion = 00A001000000000000000032 /* Model.xcdatamodel */; path = MotelPOS.xcdatamodeld; sourceTree = "<group>"; versionGroupType = wrapper.xcdatamodel; };
00A00100000000000000002A /* seed.json */ = {isa = PBXFileReference; lastKnownFileType = text.json; path = seed.json; sourceTree = "<group>"; };
00A00100000000000000002C /* PricingTests.swift */ = {isa = PBXFileReference; lastKnownFileType = sourcecode.swift; path = PricingTests.swift; sourceTree = "<group>"; };
00A00100000000000000002D /* PermissionsTests.swift */ = {isa = PBXFileReference; lastKnownFileType = sourcecode.swift; path = PermissionsTests.swift; sourceTree = "<group>"; };
00A00100000000000000002E /* OfflineQueueTests.swift */ = {isa = PBXFileReference; lastKnownFileType = sourcecode.swift; path = OfflineQueueTests.swift; sourceTree = "<group>"; };
00A00100000000000000002F /* AIInsightsTests.swift */ = {isa = PBXFileReference; lastKnownFileType = sourcecode.swift; path = AIInsightsTests.swift; sourceTree = "<group>"; };
00A001000000000000000030 /* ReportExportTests.swift */ = {isa = PBXFileReference; lastKnownFileType = sourcecode.swift; path = ReportExportTests.swift; sourceTree = "<group>"; };
00A001000000000000000031 /* MotelPOSUITests.swift */ = {isa = PBXFileReference; lastKnownFileType = sourcecode.swift; path = MotelPOSUITests.swift; sourceTree = "<group>"; };
00A001000000000000000032 /* Model.xcdatamodel */ = {isa = PBXFileReference; lastKnownFileType = wrapper.xcdatamodel; path = Model.xcdatamodel; sourceTree = "<group>"; };
00A001000000000000000091 /* MotelPOS.app */ = {isa = PBXFileReference; explicitFileType = wrapper.application; path = MotelPOS.app; sourceTree = BUILT_PRODUCTS_DIR; };
00A001000000000000000092 /* MotelPOSTests.xctest */ = {isa = PBXFileReference; explicitFileType = wrapper.cfbundle; path = MotelPOSTests.xctest; sourceTree = BUILT_PRODUCTS_DIR; };
00A001000000000000000093 /* MotelPOSUITests.xctest */ = {isa = PBXFileReference; explicitFileType = wrapper.cfbundle; path = MotelPOSUITests.xctest; sourceTree = BUILT_PRODUCTS_DIR; };
/* End PBXFileReference section */

/* Begin PBXFrameworksBuildPhase section */
00A001000000000000000040 /* Frameworks */ = {isa = PBXFrameworksBuildPhase; buildActionMask = 2147483647; files = (
00A001000000000000000131 /* ComposableArchitecture in Frameworks */,
);
};
00A001000000000000000041 /* Frameworks */ = {isa = PBXFrameworksBuildPhase; buildActionMask = 2147483647; files = (
);
};
00A001000000000000000042 /* Frameworks */ = {isa = PBXFrameworksBuildPhase; buildActionMask = 2147483647; files = (
);
};
/* End PBXFrameworksBuildPhase section */

/* Begin PBXGroup section */
00A001000000000000000050 = {isa = PBXGroup; children = (
00A001000000000000000060 /* MotelPOS */,
00A001000000000000000070 /* MotelPOSTests */,
00A001000000000000000080 /* MotelPOSUITests */,
00A001000000000000000090 /* Products */,
);
 sourceTree = "<group>"; };
00A001000000000000000060 /* MotelPOS */ = {isa = PBXGroup; children = (
00A001000000000000000001 /* MotelPOSApp.swift */,
00A001000000000000000002 /* ContentView.swift */,
00A001000000000000000028 /* Dependencies.swift */,
00A00100000000000000001B /* Entities.swift */,
00A001000000000000000061 /* Features */,
00A001000000000000000062 /* Services */,
00A001000000000000000063 /* Persistence */,
00A001000000000000000064 /* Resources */,
);
 path = MotelPOS;
 sourceTree = "<group>"; };
00A001000000000000000061 /* Features */ = {isa = PBXGroup; children = (
00A001000000000000000003 /* AppFeature.swift */,
00A001000000000000000004 /* SidebarFeature.swift */,
00A001000000000000000065 /* Dashboard */,
00A001000000000000000066 /* Rooms */,
00A001000000000000000067 /* Reports */,
00A001000000000000000068 /* Settings */,
00A001000000000000000069 /* Reservations */,
00A00100000000000000006A /* Payments */,
00A00100000000000000006B /* Housekeeping */,
00A00100000000000000006C /* Search */,
00A00100000000000000006D /* Offline */,
00A00100000000000000006E /* AIAssistant */,
);
 sourceTree = "<group>"; };
00A001000000000000000065 /* Dashboard */ = {isa = PBXGroup; children = (
00A001000000000000000005 /* DashboardFeature.swift */,
00A001000000000000000006 /* DashboardView.swift */,
);
 path = Dashboard;
 sourceTree = "<group>"; };
00A001000000000000000066 /* Rooms */ = {isa = PBXGroup; children = (
00A001000000000000000007 /* RoomsFeature.swift */,
00A001000000000000000008 /* RoomsView.swift */,
);
 path = Rooms;
 sourceTree = "<group>"; };
00A001000000000000000067 /* Reports */ = {isa = PBXGroup; children = (
00A001000000000000000009 /* ReportsFeature.swift */,
00A00100000000000000000A /* ReportsView.swift */,
);
 path = Reports;
 sourceTree = "<group>"; };
00A001000000000000000068 /* Settings */ = {isa = PBXGroup; children = (
00A00100000000000000000B /* SettingsFeature.swift */,
00A00100000000000000000C /* SettingsView.swift */,
);
 path = Settings;
 sourceTree = "<group>"; };
00A001000000000000000069 /* Reservations */ = {isa = PBXGroup; children = (
00A00100000000000000000D /* ReservationFeature.swift */,
00A00100000000000000000E /* ReservationView.swift */,
00A00100000000000000000F /* CheckInFeature.swift */,
00A001000000000000000010 /* CheckInView.swift */,
);
 path = Reservations;
 sourceTree = "<group>"; };
00A00100000000000000006A /* Payments */ = {isa = PBXGroup; children = (
00A001000000000000000011 /* PaymentFeature.swift */,
00A001000000000000000012 /* PaymentView.swift */,
);
 path = Payments;
 sourceTree = "<group>"; };
00A00100000000000000006B /* Housekeeping */ = {isa = PBXGroup; children = (
00A001000000000000000013 /* HousekeepingFeature.swift */,
00A001000000000000000014 /* HousekeepingView.swift */,
);
 path = Housekeeping;
 sourceTree = "<group>"; };
00A00100000000000000006C /* Search */ = {isa = PBXGroup; children = (
00A001000000000000000015 /* SearchFeature.swift */,
00A001000000000000000016 /* SearchView.swift */,
);
 path = Search;
 sourceTree = "<group>"; };
00A00100000000000000006D /* Offline */ = {isa = PBXGroup; children = (
00A001000000000000000017 /* OfflineFeature.swift */,
00A001000000000000000018 /* OfflineStatusView.swift */,
);
 path = Offline;
 sourceTree = "<group>"; };
00A00100000000000000006E /* AIAssistant */ = {isa = PBXGroup; children = (
00A001000000000000000019 /* AIAssistantFeature.swift */,
00A00100000000000000001A /* AIAssistantView.swift */,
);
 path = AIAssistant;
 sourceTree = "<group>"; };
00A001000000000000000062 /* Services */ = {isa = PBXGroup; children = (
00A00100000000000000001C /* PaymentService.swift */,
00A00100000000000000001D /* OCRService.swift */,
00A00100000000000000001E /* AIService.swift */,
00A00100000000000000001F /* SyncService.swift */,
00A001000000000000000020 /* DocumentGenerationService.swift */,
00A001000000000000000021 /* NotificationSchedulerService.swift */,
);
 path = Services;
 sourceTree = "<group>"; };
00A001000000000000000063 /* Persistence */ = {isa = PBXGroup; children = (
00A001000000000000000022 /* PersistenceController.swift */,
00A001000000000000000023 /* SeedData.swift */,
00A001000000000000000024 /* PropertyEntity+CoreDataClass.swift */,
00A001000000000000000025 /* PropertyEntity+CoreDataProperties.swift */,
00A001000000000000000026 /* RoomEntity+CoreDataClass.swift */,
00A001000000000000000027 /* RoomEntity+CoreDataProperties.swift */,
);
 path = Persistence;
 sourceTree = "<group>"; };
00A001000000000000000064 /* Resources */ = {isa = PBXGroup; children = (
00A001000000000000000029 /* MotelPOS.xcdatamodeld */,
00A00100000000000000002A /* seed.json */,
);
 path = Resources;
 sourceTree = "<group>"; };
00A001000000000000000070 /* MotelPOSTests */ = {isa = PBXGroup; children = (
00A00100000000000000002C /* PricingTests.swift */,
00A00100000000000000002D /* PermissionsTests.swift */,
00A00100000000000000002E /* OfflineQueueTests.swift */,
00A00100000000000000002F /* AIInsightsTests.swift */,
00A001000000000000000030 /* ReportExportTests.swift */,
);
 path = MotelPOSTests;
 sourceTree = "<group>"; };
00A001000000000000000080 /* MotelPOSUITests */ = {isa = PBXGroup; children = (
00A001000000000000000031 /* MotelPOSUITests.swift */,
);
 path = MotelPOSUITests;
 sourceTree = "<group>"; };
00A001000000000000000090 /* Products */ = {isa = PBXGroup; children = (
00A001000000000000000091 /* MotelPOS.app */,
00A001000000000000000092 /* MotelPOSTests.xctest */,
00A001000000000000000093 /* MotelPOSUITests.xctest */,
);
 name = Products;
 sourceTree = "<group>"; };
/* End PBXGroup section */

/* Begin PBXNativeTarget section */
00A0010000000000000000A0 /* MotelPOS */ = {isa = PBXNativeTarget; buildConfigurationList = 00A0010000000000000000C0 /* Build configuration list for PBXNativeTarget "MotelPOS" */; buildPhases = (
00A0010000000000000000D0 /* Sources */,
00A001000000000000000040 /* Frameworks */,
00A0010000000000000000E0 /* Resources */,
);
 buildRules = (
);
 dependencies = (
);
 name = MotelPOS;
 packageProductDependencies = (
00A0010000000000000000F0 /* ComposableArchitecture */,
);
 productName = MotelPOS;
 productReference = 00A001000000000000000091 /* MotelPOS.app */;
 productType = "com.apple.product-type.application";
};
00A0010000000000000000A1 /* MotelPOSTests */ = {isa = PBXNativeTarget; buildConfigurationList = 00A0010000000000000000C1 /* Build configuration list for PBXNativeTarget "MotelPOSTests" */; buildPhases = (
00A0010000000000000000D1 /* Sources */,
00A001000000000000000041 /* Frameworks */,
);
 dependencies = (
00A0010000000000000000B0 /* PBXTargetDependency */,
);
 name = MotelPOSTests;
 productName = MotelPOSTests;
 productReference = 00A001000000000000000092 /* MotelPOSTests.xctest */;
 productType = "com.apple.product-type.bundle.unit-test";
};
00A0010000000000000000A2 /* MotelPOSUITests */ = {isa = PBXNativeTarget; buildConfigurationList = 00A0010000000000000000C2 /* Build configuration list for PBXNativeTarget "MotelPOSUITests" */; buildPhases = (
00A0010000000000000000D2 /* Sources */,
00A001000000000000000042 /* Frameworks */,
);
 dependencies = (
00A0010000000000000000B1 /* PBXTargetDependency */,
);
 name = MotelPOSUITests;
 productName = MotelPOSUITests;
 productReference = 00A001000000000000000093 /* MotelPOSUITests.xctest */;
 productType = "com.apple.product-type.bundle.ui-testing";
};
/* End PBXNativeTarget section */

/* Begin PBXContainerItemProxy section */
00A0010000000000000000D3 /* PBXContainerItemProxy */ = {isa = PBXContainerItemProxy; containerPortal = 00A0010000000000000000B2 /* Project object */; proxyType = 1; remoteGlobalIDString = 00A0010000000000000000A0; remoteInfo = MotelPOS; };
00A0010000000000000000D4 /* PBXContainerItemProxy */ = {isa = PBXContainerItemProxy; containerPortal = 00A0010000000000000000B2 /* Project object */; proxyType = 1; remoteGlobalIDString = 00A0010000000000000000A0; remoteInfo = MotelPOS; };
/* End PBXContainerItemProxy section */

/* Begin PBXProject section */
00A0010000000000000000B2 /* Project object */ = {
isa = PBXProject;
attributes = {
LastSwiftUpdateCheck = 1500;
LastUpgradeCheck = 1500;
ORGANIZATIONNAME = "Aurora Hospitality";
TargetAttributes = {
00A0010000000000000000A0 = {
DevelopmentTeam = "";
};
00A0010000000000000000A1 = {
DevelopmentTeam = "";
};
00A0010000000000000000A2 = {
DevelopmentTeam = "";
};
};
};
buildConfigurationList = 00A0010000000000000000C3 /* Build configuration list for PBXProject "MotelPOS" */;
compatibilityVersion = "Xcode 15.0";
developmentRegion = en;
hasScannedForEncodings = 0;
knownRegions = (
en,
);
mainGroup = 00A001000000000000000050;
packageReferences = (
00A0010000000000000000F1 /* XCRemoteSwiftPackageReference "swift-composable-architecture" */,
);
productRefGroup = 00A001000000000000000090 /* Products */;
projectDirPath = "";
projectRoot = "";
targets = (
00A0010000000000000000A0 /* MotelPOS */,
00A0010000000000000000A1 /* MotelPOSTests */,
00A0010000000000000000A2 /* MotelPOSUITests */,
);
};
/* End PBXProject section */

/* Begin PBXResourcesBuildPhase section */
00A0010000000000000000E0 /* Resources */ = {isa = PBXResourcesBuildPhase; buildActionMask = 2147483647; files = (
00A001000000000000000129 /* seed.json in Resources */,
);
};
/* End PBXResourcesBuildPhase section */

/* Begin PBXSourcesBuildPhase section */
00A0010000000000000000D0 /* Sources */ = {isa = PBXSourcesBuildPhase; buildActionMask = 2147483647; files = (
00A001000000000000000105 /* DashboardFeature.swift in Sources */,
00A001000000000000000106 /* DashboardView.swift in Sources */,
00A00100000000000000010F /* CheckInFeature.swift in Sources */,
00A001000000000000000110 /* CheckInView.swift in Sources */,
00A001000000000000000107 /* RoomsFeature.swift in Sources */,
00A001000000000000000108 /* RoomsView.swift in Sources */,
00A001000000000000000109 /* ReportsFeature.swift in Sources */,
00A00100000000000000010A /* ReportsView.swift in Sources */,
00A00100000000000000010B /* SettingsFeature.swift in Sources */,
00A00100000000000000010C /* SettingsView.swift in Sources */,
00A00100000000000000010D /* ReservationFeature.swift in Sources */,
00A00100000000000000010E /* ReservationView.swift in Sources */,
00A001000000000000000111 /* PaymentFeature.swift in Sources */,
00A001000000000000000112 /* PaymentView.swift in Sources */,
00A001000000000000000113 /* HousekeepingFeature.swift in Sources */,
00A001000000000000000114 /* HousekeepingView.swift in Sources */,
00A001000000000000000115 /* SearchFeature.swift in Sources */,
00A001000000000000000116 /* SearchView.swift in Sources */,
00A001000000000000000117 /* OfflineFeature.swift in Sources */,
00A001000000000000000118 /* OfflineStatusView.swift in Sources */,
00A001000000000000000119 /* AIAssistantFeature.swift in Sources */,
00A00100000000000000011A /* AIAssistantView.swift in Sources */,
00A00100000000000000011B /* Entities.swift in Sources */,
00A00100000000000000011C /* PaymentService.swift in Sources */,
00A00100000000000000011D /* OCRService.swift in Sources */,
00A00100000000000000011E /* AIService.swift in Sources */,
00A00100000000000000011F /* SyncService.swift in Sources */,
00A001000000000000000120 /* DocumentGenerationService.swift in Sources */,
00A001000000000000000121 /* NotificationSchedulerService.swift in Sources */,
00A001000000000000000122 /* PersistenceController.swift in Sources */,
00A001000000000000000123 /* SeedData.swift in Sources */,
00A001000000000000000124 /* PropertyEntity+CoreDataClass.swift in Sources */,
00A001000000000000000125 /* PropertyEntity+CoreDataProperties.swift in Sources */,
00A001000000000000000126 /* RoomEntity+CoreDataClass.swift in Sources */,
00A001000000000000000127 /* RoomEntity+CoreDataProperties.swift in Sources */,
00A001000000000000000128 /* Dependencies.swift in Sources */,
00A001000000000000000100 /* MotelPOSApp.swift in Sources */,
00A001000000000000000101 /* ContentView.swift in Sources */,
00A001000000000000000103 /* AppFeature.swift in Sources */,
00A001000000000000000104 /* SidebarFeature.swift in Sources */,
00A00100000000000000012A /* MotelPOS.xcdatamodeld in Sources */,
);
};
00A0010000000000000000D1 /* Sources */ = {isa = PBXSourcesBuildPhase; buildActionMask = 2147483647; files = (
00A00100000000000000012B /* PricingTests.swift in Sources */,
00A00100000000000000012C /* PermissionsTests.swift in Sources */,
00A00100000000000000012D /* OfflineQueueTests.swift in Sources */,
00A00100000000000000012E /* AIInsightsTests.swift in Sources */,
00A00100000000000000012F /* ReportExportTests.swift in Sources */,
);
};
00A0010000000000000000D2 /* Sources */ = {isa = PBXSourcesBuildPhase; buildActionMask = 2147483647; files = (
00A001000000000000000130 /* MotelPOSUITests.swift in Sources */,
);
};
/* End PBXSourcesBuildPhase section */

/* Begin PBXTargetDependency section */
00A0010000000000000000B0 /* PBXTargetDependency */ = {isa = PBXTargetDependency; target = 00A0010000000000000000A0 /* MotelPOS */; targetProxy = 00A0010000000000000000D3 /* PBXContainerItemProxy */; };
00A0010000000000000000B1 /* PBXTargetDependency */ = {isa = PBXTargetDependency; target = 00A0010000000000000000A0 /* MotelPOS */; targetProxy = 00A0010000000000000000D4 /* PBXContainerItemProxy */; };
/* End PBXTargetDependency section */

/* Begin XCBuildConfiguration section */
00A0010000000000000000C4 /* Debug */ = {isa = XCBuildConfiguration; buildSettings = {
ALWAYS_SEARCH_USER_PATHS = NO;
CLANG_ANALYZER_NONNULL = YES;
CLANG_ENABLE_OBJC_ARC = YES;
CLANG_WARN_DOCUMENTATION_COMMENTS = YES;
CLANG_WARN_UNGUARDED_AVAILABILITY = YES;
CODE_SIGN_STYLE = Automatic;
CURRENT_PROJECT_VERSION = 1;
DEVELOPMENT_TEAM = "";
GENERATE_INFOPLIST_FILE = YES;
INFOPLIST_KEY_UIApplicationSceneManifest_Generation = YES;
INFOPLIST_KEY_UILaunchScreen_Generation = YES;
IPHONEOS_DEPLOYMENT_TARGET = 17.0;
LD_RUNPATH_SEARCH_PATHS = "$(inherited) @executable_path/Frameworks";
PRODUCT_BUNDLE_IDENTIFIER = com.aurora.MotelPOS;
PRODUCT_NAME = "$(TARGET_NAME)";
SWIFT_ACTIVE_COMPILATION_CONDITIONS = DEBUG;
SWIFT_VERSION = 5.9;
TARGETED_DEVICE_FAMILY = 2;
}; name = Debug; };
00A0010000000000000000C5 /* Release */ = {isa = XCBuildConfiguration; buildSettings = {
ALWAYS_SEARCH_USER_PATHS = NO;
CLANG_ANALYZER_NONNULL = YES;
CLANG_ENABLE_OBJC_ARC = YES;
CLANG_WARN_DOCUMENTATION_COMMENTS = YES;
CLANG_WARN_UNGUARDED_AVAILABILITY = YES;
CODE_SIGN_STYLE = Automatic;
CURRENT_PROJECT_VERSION = 1;
DEVELOPMENT_TEAM = "";
GENERATE_INFOPLIST_FILE = YES;
INFOPLIST_KEY_UIApplicationSceneManifest_Generation = YES;
INFOPLIST_KEY_UILaunchScreen_Generation = YES;
IPHONEOS_DEPLOYMENT_TARGET = 17.0;
LD_RUNPATH_SEARCH_PATHS = "$(inherited) @executable_path/Frameworks";
PRODUCT_BUNDLE_IDENTIFIER = com.aurora.MotelPOS;
PRODUCT_NAME = "$(TARGET_NAME)";
SWIFT_VERSION = 5.9;
TARGETED_DEVICE_FAMILY = 2;
}; name = Release; };
00A0010000000000000000C6 /* Debug */ = {isa = XCBuildConfiguration; buildSettings = {
ALWAYS_SEARCH_USER_PATHS = NO;
CLANG_ANALYZER_NONNULL = YES;
CODE_SIGN_STYLE = Automatic;
CURRENT_PROJECT_VERSION = 1;
DEVELOPMENT_TEAM = "";
GENERATE_INFOPLIST_FILE = YES;
IPHONEOS_DEPLOYMENT_TARGET = 17.0;
LD_RUNPATH_SEARCH_PATHS = "$(inherited) @executable_path/Frameworks @loader_path/Frameworks";
PRODUCT_BUNDLE_IDENTIFIER = com.aurora.MotelPOSTests;
PRODUCT_NAME = "$(TARGET_NAME)";
SWIFT_ACTIVE_COMPILATION_CONDITIONS = DEBUG;
SWIFT_VERSION = 5.9;
TARGETED_DEVICE_FAMILY = 2;
}; name = Debug; };
00A0010000000000000000C7 /* Release */ = {isa = XCBuildConfiguration; buildSettings = {
ALWAYS_SEARCH_USER_PATHS = NO;
CLANG_ANALYZER_NONNULL = YES;
CODE_SIGN_STYLE = Automatic;
CURRENT_PROJECT_VERSION = 1;
DEVELOPMENT_TEAM = "";
GENERATE_INFOPLIST_FILE = YES;
IPHONEOS_DEPLOYMENT_TARGET = 17.0;
LD_RUNPATH_SEARCH_PATHS = "$(inherited) @executable_path/Frameworks @loader_path/Frameworks";
PRODUCT_BUNDLE_IDENTIFIER = com.aurora.MotelPOSTests;
PRODUCT_NAME = "$(TARGET_NAME)";
SWIFT_VERSION = 5.9;
TARGETED_DEVICE_FAMILY = 2;
}; name = Release; };
00A0010000000000000000C8 /* Debug */ = {isa = XCBuildConfiguration; buildSettings = {
ALWAYS_SEARCH_USER_PATHS = NO;
CODE_SIGN_STYLE = Automatic;
CURRENT_PROJECT_VERSION = 1;
DEVELOPMENT_TEAM = "";
GENERATE_INFOPLIST_FILE = YES;
IPHONEOS_DEPLOYMENT_TARGET = 17.0;
LD_RUNPATH_SEARCH_PATHS = "$(inherited) @executable_path/Frameworks @loader_path/Frameworks";
PRODUCT_BUNDLE_IDENTIFIER = com.aurora.MotelPOSUITests;
PRODUCT_NAME = "$(TARGET_NAME)";
SWIFT_ACTIVE_COMPILATION_CONDITIONS = DEBUG;
SWIFT_VERSION = 5.9;
TARGETED_DEVICE_FAMILY = 2;
}; name = Debug; };
00A0010000000000000000C9 /* Release */ = {isa = XCBuildConfiguration; buildSettings = {
ALWAYS_SEARCH_USER_PATHS = NO;
CODE_SIGN_STYLE = Automatic;
CURRENT_PROJECT_VERSION = 1;
DEVELOPMENT_TEAM = "";
GENERATE_INFOPLIST_FILE = YES;
IPHONEOS_DEPLOYMENT_TARGET = 17.0;
LD_RUNPATH_SEARCH_PATHS = "$(inherited) @executable_path/Frameworks @loader_path/Frameworks";
PRODUCT_BUNDLE_IDENTIFIER = com.aurora.MotelPOSUITests;
PRODUCT_NAME = "$(TARGET_NAME)";
SWIFT_VERSION = 5.9;
TARGETED_DEVICE_FAMILY = 2;
}; name = Release; };
/* End XCBuildConfiguration section */

/* Begin XCConfigurationList section */
00A0010000000000000000C0 /* Build configuration list for PBXNativeTarget "MotelPOS" */ = {isa = XCConfigurationList; buildConfigurations = (
00A0010000000000000000C4 /* Debug */,
00A0010000000000000000C5 /* Release */,
); defaultConfigurationIsVisible = 0; defaultConfigurationName = Debug; };
00A0010000000000000000C1 /* Build configuration list for PBXNativeTarget "MotelPOSTests" */ = {isa = XCConfigurationList; buildConfigurations = (
00A0010000000000000000C6 /* Debug */,
00A0010000000000000000C7 /* Release */,
); defaultConfigurationIsVisible = 0; defaultConfigurationName = Debug; };
00A0010000000000000000C2 /* Build configuration list for PBXNativeTarget "MotelPOSUITests" */ = {isa = XCConfigurationList; buildConfigurations = (
00A0010000000000000000C8 /* Debug */,
00A0010000000000000000C9 /* Release */,
); defaultConfigurationIsVisible = 0; defaultConfigurationName = Debug; };
00A0010000000000000000C3 /* Build configuration list for PBXProject "MotelPOS" */ = {isa = XCConfigurationList; buildConfigurations = (
00A0010000000000000000CA /* Debug */,
00A0010000000000000000CB /* Release */,
); defaultConfigurationIsVisible = 0; defaultConfigurationName = Debug; };
/* End XCConfigurationList section */

/* Begin XCRemoteSwiftPackageReference section */
00A0010000000000000000F1 /* XCRemoteSwiftPackageReference "swift-composable-architecture" */ = {isa = XCRemoteSwiftPackageReference; repositoryURL = "https://github.com/pointfreeco/swift-composable-architecture"; requirement = {kind = upToNextMajorVersion; minimumVersion = 1.8.0; }; };
/* End XCRemoteSwiftPackageReference section */

/* Begin XCSwiftPackageProductDependency section */
00A0010000000000000000F0 /* ComposableArchitecture */ = {isa = XCSwiftPackageProductDependency; productName = ComposableArchitecture; package = 00A0010000000000000000F1 /* XCRemoteSwiftPackageReference "swift-composable-architecture" */; };
/* End XCSwiftPackageProductDependency section */

/* Begin XCBuildConfiguration (project) */
00A0010000000000000000CA /* Debug */ = {isa = XCBuildConfiguration; buildSettings = {
CLANG_ENABLE_MODULES = YES;
SWIFT_VERSION = 5.9;
SUPPORTS_MACCATALYST = NO;
}; name = Debug; };
00A0010000000000000000CB /* Release */ = {isa = XCBuildConfiguration; buildSettings = {
CLANG_ENABLE_MODULES = YES;
SWIFT_VERSION = 5.9;
SUPPORTS_MACCATALYST = NO;
}; name = Release; };
/* End XCBuildConfiguration (project) */

};
rootObject = 00A0010000000000000000B2 /* Project object */;
}
